
Microsoft Visual Studio Solution File, Format Version 11.00
# Visual Studio 2010
Project("{2150E333-8FDC-42A3-9474-1A3956D46DE8}") = "0-Modeling and Design", "0-Modeling and Design", "{0E35F26B-95B8-4D95-808D-28C13B015A4A}"
EndProject
Project("{2150E333-8FDC-42A3-9474-1A3956D46DE8}") = "1-Layers", "1-Layers", "{95501A1D-3360-4612-A32E-1D0D757B079E}"
EndProject
Project("{2150E333-8FDC-42A3-9474-1A3956D46DE8}") = "1.1-Presentation", "1.1-Presentation", "{B97F79DB-D83B-4A27-ADF3-A55EDA299132}"
EndProject
Project("{2150E333-8FDC-42A3-9474-1A3956D46DE8}") = "1.2-Distributed Services", "1.2-Distributed Services", "{B3DBA8EF-79E3-4020-8F6A-538F26756C98}"
EndProject
Project("{2150E333-8FDC-42A3-9474-1A3956D46DE8}") = "1.3-Application", "1.3-Application", "{909F9798-DD03-4606-B59D-0F1350F9C815}"
EndProject
Project("{2150E333-8FDC-42A3-9474-1A3956D46DE8}") = "1.4-Domain", "1.4-Domain", "{AF8D9A0B-4D1E-4992-9AFA-93A7C8BD347A}"
EndProject
Project("{2150E333-8FDC-42A3-9474-1A3956D46DE8}") = "1.5-Infrastructure", "1.5-Infrastructure", "{85516F25-AAE2-4581-AB23-CEE66B7C4FE3}"
EndProject
Project("{2150E333-8FDC-42A3-9474-1A3956D46DE8}") = "1.5.1-Data", "1.5.1-Data", "{BB095221-6A30-4842-93E8-B7786BEA083F}"
EndProject
Project("{2150E333-8FDC-42A3-9474-1A3956D46DE8}") = "1.5.3-CrossCutting", "1.5.3-CrossCutting", "{52711E8B-1E70-4085-8995-CF471DCD9AFE}"
EndProject
Project("{FAE04EC0-301F-11D3-BF4B-00C04F79EFBC}") = "Infrastructure.Crosscutting", "Infrastructure.Crosscutting\Infrastructure.Crosscutting.csproj", "{106C7F00-C03F-4E29-87AF-ACD1BA292078}"
EndProject
Project("{2150E333-8FDC-42A3-9474-1A3956D46DE8}") = "Solution Items", "Solution Items", "{EBDD4495-4AF9-47EA-9071-47438246A48B}"
	ProjectSection(SolutionItems) = preProject
		CodeDictionary.xml = CodeDictionary.xml
		Local.testsettings = Local.testsettings
		NLayerApp.vsmdi = NLayerApp.vsmdi
		TraceAndTestImpact.testsettings = TraceAndTestImpact.testsettings
	EndProjectSection
EndProject
Project("{FAE04EC0-301F-11D3-BF4B-00C04F79EFBC}") = "Infrastructure.Crosscutting.Tests", "Infrastructure.Crosscutting.Tests\Infrastructure.Crosscutting.Tests.csproj", "{7F302C0B-7C20-4CED-8E9A-C35E28C81889}"
EndProject
Project("{FAE04EC0-301F-11D3-BF4B-00C04F79EFBC}") = "Infrastructure.Crosscutting.NetFramework", "Infrastructure.Crosscutting.NetFramework\Infrastructure.Crosscutting.NetFramework.csproj", "{81CAB7AA-5235-42DB-82E6-2B4A0A1F9987}"
EndProject
Project("{2150E333-8FDC-42A3-9474-1A3956D46DE8}") = "1.4.1-Seedwork", "1.4.1-Seedwork", "{CFE7A2C4-0110-413F-B2BB-3D38260FF9E3}"
EndProject
Project("{FAE04EC0-301F-11D3-BF4B-00C04F79EFBC}") = "Domain.Seedwork", "Domain.Seedwork\Domain.Seedwork.csproj", "{04D675A3-B794-44BD-A25C-673BB44739CB}"
EndProject
Project("{FAE04EC0-301F-11D3-BF4B-00C04F79EFBC}") = "Domain.Seedwork.Tests", "Domain.Seedwork.Tests\Domain.Seedwork.Tests.csproj", "{5183434D-BBD0-47FE-9ECE-A58C4AF5E914}"
EndProject
Project("{2150E333-8FDC-42A3-9474-1A3956D46DE8}") = "1.4.2-MainBoundedContext", "1.4.2-MainBoundedContext", "{104F8963-3D5A-4EF5-9BF3-0D48345F6C22}"
EndProject
Project("{F088123C-0E9E-452A-89E6-6BA2F21D5CAC}") = "NLayerAppModeling", "NLayerAppModeling\NLayerAppModeling.modelproj", "{758BE55B-ECFB-48A5-A97F-4A057088D6F2}"
EndProject
Project("{FAE04EC0-301F-11D3-BF4B-00C04F79EFBC}") = "Infrastructure.Data.Seedwork", "Infrastructure.Data.Seedwork\Infrastructure.Data.Seedwork.csproj", "{09AAF2C8-47DC-4F12-A3A0-130DCDB1495B}"
EndProject
Project("{2150E333-8FDC-42A3-9474-1A3956D46DE8}") = "1.3.2-MainBoundedContext", "1.3.2-MainBoundedContext", "{85B06DA8-BF42-457F-AABA-468AC1DB1163}"
EndProject
Project("{2150E333-8FDC-42A3-9474-1A3956D46DE8}") = "1.3.1-Seedwork", "1.3.1-Seedwork", "{7DD4CA0E-806C-4C08-8B7D-D0172936B60F}"
EndProject
Project("{FAE04EC0-301F-11D3-BF4B-00C04F79EFBC}") = "Application.Seedwork", "Application.Seedwork\Application.Seedwork.csproj", "{7F17BC81-B7D1-46D8-A94B-FDBAE17F94B7}"
EndProject
Project("{2150E333-8FDC-42A3-9474-1A3956D46DE8}") = "1.5.1.1-Data.Seedwork", "1.5.1.1-Data.Seedwork", "{F020CD65-F576-4346-93E3-FE94B7E6F685}"
EndProject
Project("{2150E333-8FDC-42A3-9474-1A3956D46DE8}") = "1.5.1.2-Data.MainBoundedContext", "1.5.1.2-Data.MainBoundedContext", "{3096DA74-4A67-437B-A1AC-5FC7D385D40E}"
EndProject
Project("{FAE04EC0-301F-11D3-BF4B-00C04F79EFBC}") = "Infrastructure.Data.MainBoundedContext", "Infrastructure.Data.MainBoundedContext\Infrastructure.Data.MainBoundedContext.csproj", "{35E13CFB-E992-475D-8E53-EA09A539AB43}"
EndProject
Project("{FAE04EC0-301F-11D3-BF4B-00C04F79EFBC}") = "Application.MainBoundedContext", "Application.MainBoundedContext\Application.MainBoundedContext.csproj", "{75E4283A-61D1-4067-9F51-25EFB55113A6}"
EndProject
Project("{FAE04EC0-301F-11D3-BF4B-00C04F79EFBC}") = "Application.MainBoundedContext.Tests", "Application.MainBoundedContext.Tests\Application.MainBoundedContext.Tests.csproj", "{85497CC6-AA5A-47AB-AF72-34EABC10EB72}"
EndProject
Project("{FAE04EC0-301F-11D3-BF4B-00C04F79EFBC}") = "Domain.MainBoundedContext", "Domain.MainBoundedContext\Domain.MainBoundedContext.csproj", "{F7F15F85-A171-4EDC-B507-03A8D80915A8}"
EndProject
Project("{FAE04EC0-301F-11D3-BF4B-00C04F79EFBC}") = "Domain.MainBoundedContext.Tests", "Domain.MainBoundedContext.Tests\Domain.MainBoundedContext.Tests.csproj", "{22AAFBA0-1493-4A12-B085-399FCA959C43}"
EndProject
Project("{FAE04EC0-301F-11D3-BF4B-00C04F79EFBC}") = "Infrastructure.Data.MainBoundedContext.Tests", "Infrastructure.Data.MainBoundedContext.Tests\Infrastructure.Data.MainBoundedContext.Tests.csproj", "{28E6495D-BC08-4A62-8A82-7E67194D712D}"
EndProject
Project("{2150E333-8FDC-42A3-9474-1A3956D46DE8}") = "1.2.1-Seedwork", "1.2.1-Seedwork", "{92A47850-EF4C-4D6A-8967-A9FC64B8CD15}"
EndProject
Project("{FAE04EC0-301F-11D3-BF4B-00C04F79EFBC}") = "DistributedServices.Seedwork", "DistributedServices.Seedwork\DistributedServices.Seedwork.csproj", "{32241C1D-E0D2-41D0-907A-0631943B360C}"
EndProject
Project("{2150E333-8FDC-42A3-9474-1A3956D46DE8}") = "1.2.2-MainBoundedContext", "1.2.2-MainBoundedContext", "{896389E4-2781-4CEA-AE2F-95990834E610}"
EndProject
Project("{FAE04EC0-301F-11D3-BF4B-00C04F79EFBC}") = "DistributedServices.MainBoundedContext", "DistributedServices.MainBoundedContext\DistributedServices.MainBoundedContext.csproj", "{7199A95A-D458-447A-84D4-A5B161ADFE57}"
EndProject
Project("{2150E333-8FDC-42A3-9474-1A3956D46DE8}") = "1.1.1-RIA", "1.1.1-RIA", "{2A2F35BC-9DC3-480C-922E-5C5A55C2AC65}"
EndProject
Project("{FAE04EC0-301F-11D3-BF4B-00C04F79EFBC}") = "Silverlight.Client", "Presentation.RIA.Silverlight.Client\Silverlight.Client.csproj", "{1832D5D5-E2C8-4767-B3E8-CA96F98F4346}"
EndProject
Project("{FAE04EC0-301F-11D3-BF4B-00C04F79EFBC}") = "Silverlight.Client.Web", "Presentation.RIA.Silverlight.Client.Web\Silverlight.Client.Web.csproj", "{34EC53BB-E021-46E1-A569-705A977B98FC}"
EndProject
Project("{FAE04EC0-301F-11D3-BF4B-00C04F79EFBC}") = "Silverlight.ServiceAgents", "Presentation.RIA.Silverlight.ServiceAgents\Silverlight.ServiceAgents.csproj", "{E4014D48-55A6-4019-9463-9AF3D4E0AF8D}"
	ProjectSection(ProjectDependencies) = postProject
		{7199A95A-D458-447A-84D4-A5B161ADFE57} = {7199A95A-D458-447A-84D4-A5B161ADFE57}
	EndProjectSection
EndProject
Project("{2150E333-8FDC-42A3-9474-1A3956D46DE8}") = "1.5.3.1-Seedwork", "1.5.3.1-Seedwork", "{14B75E3B-FA7E-47CA-852E-E37FDF71546D}"
EndProject
Project("{FAE04EC0-301F-11D3-BF4B-00C04F79EFBC}") = "Application.MainBoundedContext.DTO", "Application.MainBoundedContext.DTO\Application.MainBoundedContext.DTO.csproj", "{62FB7287-FE06-4E8B-AB66-25603D9E2610}"
EndProject
Project("{2150E333-8FDC-42A3-9474-1A3956D46DE8}") = ".nuget", ".nuget", "{29BF7632-0677-4915-9B3D-9178B5D908E9}"
	ProjectSection(SolutionItems) = preProject
		.nuget\NuGet.exe = .nuget\NuGet.exe
		.nuget\NuGet.targets = .nuget\NuGet.targets
	EndProjectSection
EndProject
Global
	GlobalSection(TestCaseManagementSettings) = postSolution
		CategoryFile = NLayerApp.vsmdi
	EndGlobalSection
	GlobalSection(SolutionConfigurationPlatforms) = preSolution
		Debug|Any CPU = Debug|Any CPU
		Release|Any CPU = Release|Any CPU
	EndGlobalSection
	GlobalSection(ProjectConfigurationPlatforms) = postSolution
		{106C7F00-C03F-4E29-87AF-ACD1BA292078}.Debug|Any CPU.ActiveCfg = Debug|Any CPU
		{106C7F00-C03F-4E29-87AF-ACD1BA292078}.Debug|Any CPU.Build.0 = Debug|Any CPU
		{106C7F00-C03F-4E29-87AF-ACD1BA292078}.Release|Any CPU.ActiveCfg = Release|Any CPU
		{106C7F00-C03F-4E29-87AF-ACD1BA292078}.Release|Any CPU.Build.0 = Release|Any CPU
		{7F302C0B-7C20-4CED-8E9A-C35E28C81889}.Debug|Any CPU.ActiveCfg = Debug|Any CPU
		{7F302C0B-7C20-4CED-8E9A-C35E28C81889}.Debug|Any CPU.Build.0 = Debug|Any CPU
		{7F302C0B-7C20-4CED-8E9A-C35E28C81889}.Release|Any CPU.ActiveCfg = Release|Any CPU
		{7F302C0B-7C20-4CED-8E9A-C35E28C81889}.Release|Any CPU.Build.0 = Release|Any CPU
		{81CAB7AA-5235-42DB-82E6-2B4A0A1F9987}.Debug|Any CPU.ActiveCfg = Debug|Any CPU
		{81CAB7AA-5235-42DB-82E6-2B4A0A1F9987}.Debug|Any CPU.Build.0 = Debug|Any CPU
		{81CAB7AA-5235-42DB-82E6-2B4A0A1F9987}.Release|Any CPU.ActiveCfg = Release|Any CPU
		{81CAB7AA-5235-42DB-82E6-2B4A0A1F9987}.Release|Any CPU.Build.0 = Release|Any CPU
		{04D675A3-B794-44BD-A25C-673BB44739CB}.Debug|Any CPU.ActiveCfg = Debug|Any CPU
		{04D675A3-B794-44BD-A25C-673BB44739CB}.Debug|Any CPU.Build.0 = Debug|Any CPU
		{04D675A3-B794-44BD-A25C-673BB44739CB}.Release|Any CPU.ActiveCfg = Release|Any CPU
		{04D675A3-B794-44BD-A25C-673BB44739CB}.Release|Any CPU.Build.0 = Release|Any CPU
		{5183434D-BBD0-47FE-9ECE-A58C4AF5E914}.Debug|Any CPU.ActiveCfg = Debug|Any CPU
		{5183434D-BBD0-47FE-9ECE-A58C4AF5E914}.Debug|Any CPU.Build.0 = Debug|Any CPU
		{5183434D-BBD0-47FE-9ECE-A58C4AF5E914}.Release|Any CPU.ActiveCfg = Release|Any CPU
		{5183434D-BBD0-47FE-9ECE-A58C4AF5E914}.Release|Any CPU.Build.0 = Release|Any CPU
		{758BE55B-ECFB-48A5-A97F-4A057088D6F2}.Debug|Any CPU.ActiveCfg = Debug|Any CPU
		{758BE55B-ECFB-48A5-A97F-4A057088D6F2}.Debug|Any CPU.Build.0 = Debug|Any CPU
		{758BE55B-ECFB-48A5-A97F-4A057088D6F2}.Release|Any CPU.ActiveCfg = Release|Any CPU
		{758BE55B-ECFB-48A5-A97F-4A057088D6F2}.Release|Any CPU.Build.0 = Release|Any CPU
		{09AAF2C8-47DC-4F12-A3A0-130DCDB1495B}.Debug|Any CPU.ActiveCfg = Debug|Any CPU
		{09AAF2C8-47DC-4F12-A3A0-130DCDB1495B}.Debug|Any CPU.Build.0 = Debug|Any CPU
		{09AAF2C8-47DC-4F12-A3A0-130DCDB1495B}.Release|Any CPU.ActiveCfg = Release|Any CPU
		{09AAF2C8-47DC-4F12-A3A0-130DCDB1495B}.Release|Any CPU.Build.0 = Release|Any CPU
		{7F17BC81-B7D1-46D8-A94B-FDBAE17F94B7}.Debug|Any CPU.ActiveCfg = Debug|Any CPU
		{7F17BC81-B7D1-46D8-A94B-FDBAE17F94B7}.Debug|Any CPU.Build.0 = Debug|Any CPU
		{7F17BC81-B7D1-46D8-A94B-FDBAE17F94B7}.Release|Any CPU.ActiveCfg = Release|Any CPU
		{7F17BC81-B7D1-46D8-A94B-FDBAE17F94B7}.Release|Any CPU.Build.0 = Release|Any CPU
		{35E13CFB-E992-475D-8E53-EA09A539AB43}.Debug|Any CPU.ActiveCfg = Debug|Any CPU
		{35E13CFB-E992-475D-8E53-EA09A539AB43}.Debug|Any CPU.Build.0 = Debug|Any CPU
		{35E13CFB-E992-475D-8E53-EA09A539AB43}.Release|Any CPU.ActiveCfg = Release|Any CPU
		{35E13CFB-E992-475D-8E53-EA09A539AB43}.Release|Any CPU.Build.0 = Release|Any CPU
		{75E4283A-61D1-4067-9F51-25EFB55113A6}.Debug|Any CPU.ActiveCfg = Debug|Any CPU
		{75E4283A-61D1-4067-9F51-25EFB55113A6}.Debug|Any CPU.Build.0 = Debug|Any CPU
		{75E4283A-61D1-4067-9F51-25EFB55113A6}.Release|Any CPU.ActiveCfg = Release|Any CPU
		{75E4283A-61D1-4067-9F51-25EFB55113A6}.Release|Any CPU.Build.0 = Release|Any CPU
		{85497CC6-AA5A-47AB-AF72-34EABC10EB72}.Debug|Any CPU.ActiveCfg = Debug|Any CPU
		{85497CC6-AA5A-47AB-AF72-34EABC10EB72}.Debug|Any CPU.Build.0 = Debug|Any CPU
		{85497CC6-AA5A-47AB-AF72-34EABC10EB72}.Release|Any CPU.ActiveCfg = Release|Any CPU
		{85497CC6-AA5A-47AB-AF72-34EABC10EB72}.Release|Any CPU.Build.0 = Release|Any CPU
		{F7F15F85-A171-4EDC-B507-03A8D80915A8}.Debug|Any CPU.ActiveCfg = Debug|Any CPU
		{F7F15F85-A171-4EDC-B507-03A8D80915A8}.Debug|Any CPU.Build.0 = Debug|Any CPU
		{F7F15F85-A171-4EDC-B507-03A8D80915A8}.Release|Any CPU.ActiveCfg = Release|Any CPU
		{F7F15F85-A171-4EDC-B507-03A8D80915A8}.Release|Any CPU.Build.0 = Release|Any CPU
		{22AAFBA0-1493-4A12-B085-399FCA959C43}.Debug|Any CPU.ActiveCfg = Debug|Any CPU
		{22AAFBA0-1493-4A12-B085-399FCA959C43}.Debug|Any CPU.Build.0 = Debug|Any CPU
		{22AAFBA0-1493-4A12-B085-399FCA959C43}.Release|Any CPU.ActiveCfg = Release|Any CPU
		{22AAFBA0-1493-4A12-B085-399FCA959C43}.Release|Any CPU.Build.0 = Release|Any CPU
		{28E6495D-BC08-4A62-8A82-7E67194D712D}.Debug|Any CPU.ActiveCfg = Debug|Any CPU
		{28E6495D-BC08-4A62-8A82-7E67194D712D}.Debug|Any CPU.Build.0 = Debug|Any CPU
		{28E6495D-BC08-4A62-8A82-7E67194D712D}.Release|Any CPU.ActiveCfg = Release|Any CPU
		{28E6495D-BC08-4A62-8A82-7E67194D712D}.Release|Any CPU.Build.0 = Release|Any CPU
		{32241C1D-E0D2-41D0-907A-0631943B360C}.Debug|Any CPU.ActiveCfg = Debug|Any CPU
		{32241C1D-E0D2-41D0-907A-0631943B360C}.Debug|Any CPU.Build.0 = Debug|Any CPU
		{32241C1D-E0D2-41D0-907A-0631943B360C}.Release|Any CPU.ActiveCfg = Release|Any CPU
		{32241C1D-E0D2-41D0-907A-0631943B360C}.Release|Any CPU.Build.0 = Release|Any CPU
		{7199A95A-D458-447A-84D4-A5B161ADFE57}.Debug|Any CPU.ActiveCfg = Debug|Any CPU
		{7199A95A-D458-447A-84D4-A5B161ADFE57}.Debug|Any CPU.Build.0 = Debug|Any CPU
		{7199A95A-D458-447A-84D4-A5B161ADFE57}.Release|Any CPU.ActiveCfg = Release|Any CPU
		{7199A95A-D458-447A-84D4-A5B161ADFE57}.Release|Any CPU.Build.0 = Release|Any CPU
		{1832D5D5-E2C8-4767-B3E8-CA96F98F4346}.Debug|Any CPU.ActiveCfg = Debug|Any CPU
		{1832D5D5-E2C8-4767-B3E8-CA96F98F4346}.Debug|Any CPU.Build.0 = Debug|Any CPU
		{1832D5D5-E2C8-4767-B3E8-CA96F98F4346}.Release|Any CPU.ActiveCfg = Release|Any CPU
		{1832D5D5-E2C8-4767-B3E8-CA96F98F4346}.Release|Any CPU.Build.0 = Release|Any CPU
		{34EC53BB-E021-46E1-A569-705A977B98FC}.Debug|Any CPU.ActiveCfg = Debug|Any CPU
		{34EC53BB-E021-46E1-A569-705A977B98FC}.Debug|Any CPU.Build.0 = Debug|Any CPU
		{34EC53BB-E021-46E1-A569-705A977B98FC}.Release|Any CPU.ActiveCfg = Release|Any CPU
		{34EC53BB-E021-46E1-A569-705A977B98FC}.Release|Any CPU.Build.0 = Release|Any CPU
		{E4014D48-55A6-4019-9463-9AF3D4E0AF8D}.Debug|Any CPU.ActiveCfg = Debug|Any CPU
		{E4014D48-55A6-4019-9463-9AF3D4E0AF8D}.Debug|Any CPU.Build.0 = Debug|Any CPU
		{E4014D48-55A6-4019-9463-9AF3D4E0AF8D}.Release|Any CPU.ActiveCfg = Release|Any CPU
		{E4014D48-55A6-4019-9463-9AF3D4E0AF8D}.Release|Any CPU.Build.0 = Release|Any CPU
		{62FB7287-FE06-4E8B-AB66-25603D9E2610}.Debug|Any CPU.ActiveCfg = Debug|Any CPU
		{62FB7287-FE06-4E8B-AB66-25603D9E2610}.Debug|Any CPU.Build.0 = Debug|Any CPU
		{62FB7287-FE06-4E8B-AB66-25603D9E2610}.Release|Any CPU.ActiveCfg = Release|Any CPU
		{62FB7287-FE06-4E8B-AB66-25603D9E2610}.Release|Any CPU.Build.0 = Release|Any CPU
	EndGlobalSection
	GlobalSection(SolutionProperties) = preSolution
		HideSolutionNode = FALSE
	EndGlobalSection
	GlobalSection(NestedProjects) = preSolution
		{758BE55B-ECFB-48A5-A97F-4A057088D6F2} = {0E35F26B-95B8-4D95-808D-28C13B015A4A}
		{B97F79DB-D83B-4A27-ADF3-A55EDA299132} = {95501A1D-3360-4612-A32E-1D0D757B079E}
		{B3DBA8EF-79E3-4020-8F6A-538F26756C98} = {95501A1D-3360-4612-A32E-1D0D757B079E}
		{909F9798-DD03-4606-B59D-0F1350F9C815} = {95501A1D-3360-4612-A32E-1D0D757B079E}
		{AF8D9A0B-4D1E-4992-9AFA-93A7C8BD347A} = {95501A1D-3360-4612-A32E-1D0D757B079E}
		{85516F25-AAE2-4581-AB23-CEE66B7C4FE3} = {95501A1D-3360-4612-A32E-1D0D757B079E}
		{2A2F35BC-9DC3-480C-922E-5C5A55C2AC65} = {B97F79DB-D83B-4A27-ADF3-A55EDA299132}
		{92A47850-EF4C-4D6A-8967-A9FC64B8CD15} = {B3DBA8EF-79E3-4020-8F6A-538F26756C98}
		{896389E4-2781-4CEA-AE2F-95990834E610} = {B3DBA8EF-79E3-4020-8F6A-538F26756C98}
		{85B06DA8-BF42-457F-AABA-468AC1DB1163} = {909F9798-DD03-4606-B59D-0F1350F9C815}
		{7DD4CA0E-806C-4C08-8B7D-D0172936B60F} = {909F9798-DD03-4606-B59D-0F1350F9C815}
		{CFE7A2C4-0110-413F-B2BB-3D38260FF9E3} = {AF8D9A0B-4D1E-4992-9AFA-93A7C8BD347A}
		{104F8963-3D5A-4EF5-9BF3-0D48345F6C22} = {AF8D9A0B-4D1E-4992-9AFA-93A7C8BD347A}
		{BB095221-6A30-4842-93E8-B7786BEA083F} = {85516F25-AAE2-4581-AB23-CEE66B7C4FE3}
		{52711E8B-1E70-4085-8995-CF471DCD9AFE} = {85516F25-AAE2-4581-AB23-CEE66B7C4FE3}
		{F020CD65-F576-4346-93E3-FE94B7E6F685} = {BB095221-6A30-4842-93E8-B7786BEA083F}
		{3096DA74-4A67-437B-A1AC-5FC7D385D40E} = {BB095221-6A30-4842-93E8-B7786BEA083F}
		{14B75E3B-FA7E-47CA-852E-E37FDF71546D} = {52711E8B-1E70-4085-8995-CF471DCD9AFE}
		{7F302C0B-7C20-4CED-8E9A-C35E28C81889} = {14B75E3B-FA7E-47CA-852E-E37FDF71546D}
		{81CAB7AA-5235-42DB-82E6-2B4A0A1F9987} = {14B75E3B-FA7E-47CA-852E-E37FDF71546D}
		{106C7F00-C03F-4E29-87AF-ACD1BA292078} = {14B75E3B-FA7E-47CA-852E-E37FDF71546D}
		{04D675A3-B794-44BD-A25C-673BB44739CB} = {CFE7A2C4-0110-413F-B2BB-3D38260FF9E3}
		{5183434D-BBD0-47FE-9ECE-A58C4AF5E914} = {CFE7A2C4-0110-413F-B2BB-3D38260FF9E3}
		{F7F15F85-A171-4EDC-B507-03A8D80915A8} = {104F8963-3D5A-4EF5-9BF3-0D48345F6C22}
		{22AAFBA0-1493-4A12-B085-399FCA959C43} = {104F8963-3D5A-4EF5-9BF3-0D48345F6C22}
		{09AAF2C8-47DC-4F12-A3A0-130DCDB1495B} = {F020CD65-F576-4346-93E3-FE94B7E6F685}
		{75E4283A-61D1-4067-9F51-25EFB55113A6} = {85B06DA8-BF42-457F-AABA-468AC1DB1163}
		{85497CC6-AA5A-47AB-AF72-34EABC10EB72} = {85B06DA8-BF42-457F-AABA-468AC1DB1163}
		{62FB7287-FE06-4E8B-AB66-25603D9E2610} = {85B06DA8-BF42-457F-AABA-468AC1DB1163}
		{7F17BC81-B7D1-46D8-A94B-FDBAE17F94B7} = {7DD4CA0E-806C-4C08-8B7D-D0172936B60F}
		{35E13CFB-E992-475D-8E53-EA09A539AB43} = {3096DA74-4A67-437B-A1AC-5FC7D385D40E}
		{28E6495D-BC08-4A62-8A82-7E67194D712D} = {3096DA74-4A67-437B-A1AC-5FC7D385D40E}
		{32241C1D-E0D2-41D0-907A-0631943B360C} = {92A47850-EF4C-4D6A-8967-A9FC64B8CD15}
		{7199A95A-D458-447A-84D4-A5B161ADFE57} = {896389E4-2781-4CEA-AE2F-95990834E610}
		{1832D5D5-E2C8-4767-B3E8-CA96F98F4346} = {2A2F35BC-9DC3-480C-922E-5C5A55C2AC65}
		{34EC53BB-E021-46E1-A569-705A977B98FC} = {2A2F35BC-9DC3-480C-922E-5C5A55C2AC65}
		{E4014D48-55A6-4019-9463-9AF3D4E0AF8D} = {2A2F35BC-9DC3-480C-922E-5C5A55C2AC65}
	EndGlobalSection
EndGlobal
